// !$*UTF8*$!
{
	archiveVersion = 1;
	classes = {
	};
	objectVersion = 48;
	objects = {

/* Begin PBXBuildFile section */
		75CD717E2089CE9600CC66A6 /* AppDelegate.m in Sources */ = {isa = PBXBuildFile; fileRef = 75CD717D2089CE9600CC66A6 /* AppDelegate.m */; };
		75CD71812089CE9600CC66A6 /* ViewController.m in Sources */ = {isa = PBXBuildFile; fileRef = 75CD71802089CE9600CC66A6 /* ViewController.m */; };
		75CD71842089CE9600CC66A6 /* Main.storyboard in Resources */ = {isa = PBXBuildFile; fileRef = 75CD71822089CE9600CC66A6 /* Main.storyboard */; };
		75CD71862089CE9600CC66A6 /* Assets.xcassets in Resources */ = {isa = PBXBuildFile; fileRef = 75CD71852089CE9600CC66A6 /* Assets.xcassets */; };
		75CD71892089CE9600CC66A6 /* LaunchScreen.storyboard in Resources */ = {isa = PBXBuildFile; fileRef = 75CD71872089CE9600CC66A6 /* LaunchScreen.storyboard */; };
		75CD718C2089CE9600CC66A6 /* main.m in Sources */ = {isa = PBXBuildFile; fileRef = 75CD718B2089CE9600CC66A6 /* main.m */; };
		75CD719A2089DFA100CC66A6 /* YLeMVPViewController.m in Sources */ = {isa = PBXBuildFile; fileRef = 75CD71992089DFA100CC66A6 /* YLeMVPViewController.m */; };
		75CD719D2089DFC300CC66A6 /* YLeMVPModel.m in Sources */ = {isa = PBXBuildFile; fileRef = 75CD719C2089DFC300CC66A6 /* YLeMVPModel.m */; };
		75CD71A02089DFDB00CC66A6 /* YLePresenter.m in Sources */ = {isa = PBXBuildFile; fileRef = 75CD719F2089DFDB00CC66A6 /* YLePresenter.m */; };
		75CD71A42089F03F00CC66A6 /* YLeBaseViewController.m in Sources */ = {isa = PBXBuildFile; fileRef = 75CD71A32089F03E00CC66A6 /* YLeBaseViewController.m */; };
		75CD71A72089F10A00CC66A6 /* YLeBaseNavigationController.m in Sources */ = {isa = PBXBuildFile; fileRef = 75CD71A62089F10A00CC66A6 /* YLeBaseNavigationController.m */; };
		75D12C7F20B4215300191B90 /* club_n@2x.png in Resources */ = {isa = PBXBuildFile; fileRef = 75D12C6B20B41FA300191B90 /* club_n@2x.png */; };
		75D12C8020B4215300191B90 /* club_n@3x.png in Resources */ = {isa = PBXBuildFile; fileRef = 75D12C6A20B41FA300191B90 /* club_n@3x.png */; };
		75D12C8120B4215300191B90 /* club@2x.png in Resources */ = {isa = PBXBuildFile; fileRef = 75D12C6C20B41FA400191B90 /* club@2x.png */; };
		75D12C8220B4215300191B90 /* club@3x.png in Resources */ = {isa = PBXBuildFile; fileRef = 75D12C6920B41FA200191B90 /* club@3x.png */; };
		75D12C8320B4215300191B90 /* Like@2x.png in Resources */ = {isa = PBXBuildFile; fileRef = 75D12C7020B41FCA00191B90 /* Like@2x.png */; };
		75D12C8420B4215300191B90 /* Like@3x.png in Resources */ = {isa = PBXBuildFile; fileRef = 75D12C6D20B41FCA00191B90 /* Like@3x.png */; };
		75D12C8520B4215300191B90 /* Liked@2x.png in Resources */ = {isa = PBXBuildFile; fileRef = 75D12C6E20B41FCA00191B90 /* Liked@2x.png */; };
		75D12C8620B4215300191B90 /* Liked@3x.png in Resources */ = {isa = PBXBuildFile; fileRef = 75D12C6F20B41FCA00191B90 /* Liked@3x.png */; };
		75D12C8720B4215300191B90 /* live_n@2x.png in Resources */ = {isa = PBXBuildFile; fileRef = 75D12C7320B41FE400191B90 /* live_n@2x.png */; };
		75D12C8820B4215300191B90 /* live_n@3x.png in Resources */ = {isa = PBXBuildFile; fileRef = 75D12C7120B41FE300191B90 /* live_n@3x.png */; };
		75D12C8920B4215300191B90 /* live@2x.png in Resources */ = {isa = PBXBuildFile; fileRef = 75D12C7220B41FE300191B90 /* live@2x.png */; };
		75D12C8A20B4215300191B90 /* live@3x.png in Resources */ = {isa = PBXBuildFile; fileRef = 75D12C7420B41FE400191B90 /* live@3x.png */; };
		75D12C8B20B4215300191B90 /* me_n@2x.png in Resources */ = {isa = PBXBuildFile; fileRef = 75D12C7620B41FEE00191B90 /* me_n@2x.png */; };
		75D12C8C20B4215300191B90 /* me_n@3x.png in Resources */ = {isa = PBXBuildFile; fileRef = 75D12C7520B41FEE00191B90 /* me_n@3x.png */; };
		75D12C8D20B4215300191B90 /* me@2x.png in Resources */ = {isa = PBXBuildFile; fileRef = 75D12C7720B41FEE00191B90 /* me@2x.png */; };
		75D12C8E20B4215300191B90 /* me@3x.png in Resources */ = {isa = PBXBuildFile; fileRef = 75D12C7820B41FEE00191B90 /* me@3x.png */; };
		75D12C8F20B4215300191B90 /* video_n@2x.png in Resources */ = {isa = PBXBuildFile; fileRef = 75D12C7A20B4200200191B90 /* video_n@2x.png */; };
		75D12C9020B4215300191B90 /* video_n@3x.png in Resources */ = {isa = PBXBuildFile; fileRef = 75D12C7920B4200100191B90 /* video_n@3x.png */; };
		75D12C9120B4215300191B90 /* video@2x.png in Resources */ = {isa = PBXBuildFile; fileRef = 75D12C7B20B4200200191B90 /* video@2x.png */; };
		75D12C9220B4215300191B90 /* video@3x.png in Resources */ = {isa = PBXBuildFile; fileRef = 75D12C7C20B4200200191B90 /* video@3x.png */; };
		75D12C9320B4215400191B90 /* home@2x.png in Resources */ = {isa = PBXBuildFile; fileRef = 75D12C7D20B4201600191B90 /* home@2x.png */; };
		75D12C9420B4215400191B90 /* home@3x.png in Resources */ = {isa = PBXBuildFile; fileRef = 75D12C7E20B4201600191B90 /* home@3x.png */; };
		75D12C9B20B4258800191B90 /* YLeCenterTabbar.m in Sources */ = {isa = PBXBuildFile; fileRef = 75D12C9A20B4258800191B90 /* YLeCenterTabbar.m */; };
/* End PBXBuildFile section */

/* Begin PBXFileReference section */
		758490292090220B00E24D2E /* intro_2.jpg */ = {isa = PBXFileReference; lastKnownFileType = image.jpeg; path = intro_2.jpg; sourceTree = "<group>"; };
		7584902A2090220B00E24D2E /* intro_1.jpg */ = {isa = PBXFileReference; lastKnownFileType = image.jpeg; path = intro_1.jpg; sourceTree = "<group>"; };
		7584902B2090220B00E24D2E /* intro_0.jpg */ = {isa = PBXFileReference; lastKnownFileType = image.jpeg; path = intro_0.jpg; sourceTree = "<group>"; };
		7584902C2090220B00E24D2E /* intro_3.jpg */ = {isa = PBXFileReference; lastKnownFileType = image.jpeg; path = intro_3.jpg; sourceTree = "<group>"; };
		75CD71792089CE9600CC66A6 /* iOSProject.app */ = {isa = PBXFileReference; explicitFileType = wrapper.application; includeInIndex = 0; path = iOSProject.app; sourceTree = BUILT_PRODUCTS_DIR; };
		75CD717C2089CE9600CC66A6 /* AppDelegate.h */ = {isa = PBXFileReference; lastKnownFileType = sourcecode.c.h; path = AppDelegate.h; sourceTree = "<group>"; };
		75CD717D2089CE9600CC66A6 /* AppDelegate.m */ = {isa = PBXFileReference; lastKnownFileType = sourcecode.c.objc; path = AppDelegate.m; sourceTree = "<group>"; };
		75CD717F2089CE9600CC66A6 /* ViewController.h */ = {isa = PBXFileReference; lastKnownFileType = sourcecode.c.h; path = ViewController.h; sourceTree = "<group>"; };
		75CD71802089CE9600CC66A6 /* ViewController.m */ = {isa = PBXFileReference; lastKnownFileType = sourcecode.c.objc; path = ViewController.m; sourceTree = "<group>"; };
		75CD71832089CE9600CC66A6 /* Base */ = {isa = PBXFileReference; lastKnownFileType = file.storyboard; name = Base; path = Base.lproj/Main.storyboard; sourceTree = "<group>"; };
		75CD71852089CE9600CC66A6 /* Assets.xcassets */ = {isa = PBXFileReference; lastKnownFileType = folder.assetcatalog; path = Assets.xcassets; sourceTree = "<group>"; };
		75CD71882089CE9600CC66A6 /* Base */ = {isa = PBXFileReference; lastKnownFileType = file.storyboard; name = Base; path = Base.lproj/LaunchScreen.storyboard; sourceTree = "<group>"; };
		75CD718A2089CE9600CC66A6 /* Info.plist */ = {isa = PBXFileReference; lastKnownFileType = text.plist.xml; path = Info.plist; sourceTree = "<group>"; };
		75CD718B2089CE9600CC66A6 /* main.m */ = {isa = PBXFileReference; lastKnownFileType = sourcecode.c.objc; path = main.m; sourceTree = "<group>"; };
		75CD71982089DFA100CC66A6 /* YLeMVPViewController.h */ = {isa = PBXFileReference; lastKnownFileType = sourcecode.c.h; path = YLeMVPViewController.h; sourceTree = "<group>"; };
		75CD71992089DFA100CC66A6 /* YLeMVPViewController.m */ = {isa = PBXFileReference; lastKnownFileType = sourcecode.c.objc; path = YLeMVPViewController.m; sourceTree = "<group>"; };
		75CD719B2089DFC300CC66A6 /* YLeMVPModel.h */ = {isa = PBXFileReference; lastKnownFileType = sourcecode.c.h; path = YLeMVPModel.h; sourceTree = "<group>"; };
		75CD719C2089DFC300CC66A6 /* YLeMVPModel.m */ = {isa = PBXFileReference; lastKnownFileType = sourcecode.c.objc; path = YLeMVPModel.m; sourceTree = "<group>"; };
		75CD719E2089DFDB00CC66A6 /* YLePresenter.h */ = {isa = PBXFileReference; lastKnownFileType = sourcecode.c.h; path = YLePresenter.h; sourceTree = "<group>"; };
		75CD719F2089DFDB00CC66A6 /* YLePresenter.m */ = {isa = PBXFileReference; lastKnownFileType = sourcecode.c.objc; path = YLePresenter.m; sourceTree = "<group>"; };
		75CD71A12089E08E00CC66A6 /* YLeMVProtocol.h */ = {isa = PBXFileReference; lastKnownFileType = sourcecode.c.h; path = YLeMVProtocol.h; sourceTree = "<group>"; };
		75CD71A22089F03E00CC66A6 /* YLeBaseViewController.h */ = {isa = PBXFileReference; lastKnownFileType = sourcecode.c.h; path = YLeBaseViewController.h; sourceTree = "<group>"; };
		75CD71A32089F03E00CC66A6 /* YLeBaseViewController.m */ = {isa = PBXFileReference; lastKnownFileType = sourcecode.c.objc; path = YLeBaseViewController.m; sourceTree = "<group>"; };
		75CD71A52089F10A00CC66A6 /* YLeBaseNavigationController.h */ = {isa = PBXFileReference; lastKnownFileType = sourcecode.c.h; path = YLeBaseNavigationController.h; sourceTree = "<group>"; };
		75CD71A62089F10A00CC66A6 /* YLeBaseNavigationController.m */ = {isa = PBXFileReference; lastKnownFileType = sourcecode.c.objc; path = YLeBaseNavigationController.m; sourceTree = "<group>"; };
		75D12C6920B41FA200191B90 /* club@3x.png */ = {isa = PBXFileReference; lastKnownFileType = image.png; path = "club@3x.png"; sourceTree = "<group>"; };
		75D12C6A20B41FA300191B90 /* club_n@3x.png */ = {isa = PBXFileReference; lastKnownFileType = image.png; path = "club_n@3x.png"; sourceTree = "<group>"; };
		75D12C6B20B41FA300191B90 /* club_n@2x.png */ = {isa = PBXFileReference; lastKnownFileType = image.png; path = "club_n@2x.png"; sourceTree = "<group>"; };
		75D12C6C20B41FA400191B90 /* club@2x.png */ = {isa = PBXFileReference; lastKnownFileType = image.png; path = "club@2x.png"; sourceTree = "<group>"; };
		75D12C6D20B41FCA00191B90 /* Like@3x.png */ = {isa = PBXFileReference; lastKnownFileType = image.png; path = "Like@3x.png"; sourceTree = "<group>"; };
		75D12C6E20B41FCA00191B90 /* Liked@2x.png */ = {isa = PBXFileReference; lastKnownFileType = image.png; path = "Liked@2x.png"; sourceTree = "<group>"; };
		75D12C6F20B41FCA00191B90 /* Liked@3x.png */ = {isa = PBXFileReference; lastKnownFileType = image.png; path = "Liked@3x.png"; sourceTree = "<group>"; };
		75D12C7020B41FCA00191B90 /* Like@2x.png */ = {isa = PBXFileReference; lastKnownFileType = image.png; path = "Like@2x.png"; sourceTree = "<group>"; };
		75D12C7120B41FE300191B90 /* live_n@3x.png */ = {isa = PBXFileReference; lastKnownFileType = image.png; path = "live_n@3x.png"; sourceTree = "<group>"; };
		75D12C7220B41FE300191B90 /* live@2x.png */ = {isa = PBXFileReference; lastKnownFileType = image.png; path = "live@2x.png"; sourceTree = "<group>"; };
		75D12C7320B41FE400191B90 /* live_n@2x.png */ = {isa = PBXFileReference; lastKnownFileType = image.png; path = "live_n@2x.png"; sourceTree = "<group>"; };
		75D12C7420B41FE400191B90 /* live@3x.png */ = {isa = PBXFileReference; lastKnownFileType = image.png; path = "live@3x.png"; sourceTree = "<group>"; };
		75D12C7520B41FEE00191B90 /* me_n@3x.png */ = {isa = PBXFileReference; lastKnownFileType = image.png; path = "me_n@3x.png"; sourceTree = "<group>"; };
		75D12C7620B41FEE00191B90 /* me_n@2x.png */ = {isa = PBXFileReference; lastKnownFileType = image.png; path = "me_n@2x.png"; sourceTree = "<group>"; };
		75D12C7720B41FEE00191B90 /* me@2x.png */ = {isa = PBXFileReference; lastKnownFileType = image.png; path = "me@2x.png"; sourceTree = "<group>"; };
		75D12C7820B41FEE00191B90 /* me@3x.png */ = {isa = PBXFileReference; lastKnownFileType = image.png; path = "me@3x.png"; sourceTree = "<group>"; };
		75D12C7920B4200100191B90 /* video_n@3x.png */ = {isa = PBXFileReference; lastKnownFileType = image.png; path = "video_n@3x.png"; sourceTree = "<group>"; };
		75D12C7A20B4200200191B90 /* video_n@2x.png */ = {isa = PBXFileReference; lastKnownFileType = image.png; path = "video_n@2x.png"; sourceTree = "<group>"; };
		75D12C7B20B4200200191B90 /* video@2x.png */ = {isa = PBXFileReference; lastKnownFileType = image.png; path = "video@2x.png"; sourceTree = "<group>"; };
		75D12C7C20B4200200191B90 /* video@3x.png */ = {isa = PBXFileReference; lastKnownFileType = image.png; path = "video@3x.png"; sourceTree = "<group>"; };
		75D12C7D20B4201600191B90 /* home@2x.png */ = {isa = PBXFileReference; lastKnownFileType = image.png; path = "home@2x.png"; sourceTree = "<group>"; };
		75D12C7E20B4201600191B90 /* home@3x.png */ = {isa = PBXFileReference; lastKnownFileType = image.png; path = "home@3x.png"; sourceTree = "<group>"; };
		75D12C9920B4258800191B90 /* YLeCenterTabbar.h */ = {isa = PBXFileReference; lastKnownFileType = sourcecode.c.h; name = YLeCenterTabbar.h; path = "架构/YLeCenterTabbar.h"; sourceTree = "<group>"; };
		75D12C9A20B4258800191B90 /* YLeCenterTabbar.m */ = {isa = PBXFileReference; lastKnownFileType = sourcecode.c.objc; name = YLeCenterTabbar.m; path = "架构/YLeCenterTabbar.m"; sourceTree = "<group>"; };
/* End PBXFileReference section */

/* Begin PBXFrameworksBuildPhase section */
		75CD71762089CE9600CC66A6 /* Frameworks */ = {
			isa = PBXFrameworksBuildPhase;
			buildActionMask = 2147483647;
			files = (
			);
			runOnlyForDeploymentPostprocessing = 0;
		};
/* End PBXFrameworksBuildPhase section */

/* Begin PBXGroup section */
		758490262090219400E24D2E /* 引导页 */ = {
			isa = PBXGroup;
			children = (
				75849028209021C000E24D2E /* IntroductoryImages */,
			);
			path = "引导页";
			sourceTree = "<group>";
		};
		75849027209021B900E24D2E /* images */ = {
			isa = PBXGroup;
			children = (
				75D12C6B20B41FA300191B90 /* club_n@2x.png */,
				75D12C6A20B41FA300191B90 /* club_n@3x.png */,
				75D12C6C20B41FA400191B90 /* club@2x.png */,
				75D12C6920B41FA200191B90 /* club@3x.png */,
				75D12C7020B41FCA00191B90 /* Like@2x.png */,
				75D12C6D20B41FCA00191B90 /* Like@3x.png */,
				75D12C6E20B41FCA00191B90 /* Liked@2x.png */,
				75D12C6F20B41FCA00191B90 /* Liked@3x.png */,
				75D12C7320B41FE400191B90 /* live_n@2x.png */,
				75D12C7120B41FE300191B90 /* live_n@3x.png */,
				75D12C7220B41FE300191B90 /* live@2x.png */,
				75D12C7420B41FE400191B90 /* live@3x.png */,
				75D12C7620B41FEE00191B90 /* me_n@2x.png */,
				75D12C7520B41FEE00191B90 /* me_n@3x.png */,
				75D12C7720B41FEE00191B90 /* me@2x.png */,
				75D12C7820B41FEE00191B90 /* me@3x.png */,
				75D12C7A20B4200200191B90 /* video_n@2x.png */,
				75D12C7920B4200100191B90 /* video_n@3x.png */,
				75D12C7B20B4200200191B90 /* video@2x.png */,
				75D12C7C20B4200200191B90 /* video@3x.png */,
				75D12C7D20B4201600191B90 /* home@2x.png */,
				75D12C7E20B4201600191B90 /* home@3x.png */,
			);
			path = images;
			sourceTree = "<group>";
		};
		75849028209021C000E24D2E /* IntroductoryImages */ = {
			isa = PBXGroup;
			children = (
				7584902B2090220B00E24D2E /* intro_0.jpg */,
				7584902A2090220B00E24D2E /* intro_1.jpg */,
				758490292090220B00E24D2E /* intro_2.jpg */,
				7584902C2090220B00E24D2E /* intro_3.jpg */,
			);
			path = IntroductoryImages;
			sourceTree = "<group>";
		};
		75CD71702089CE9600CC66A6 = {
			isa = PBXGroup;
			children = (
				75CD717B2089CE9600CC66A6 /* iOSProject */,
				75CD717A2089CE9600CC66A6 /* Products */,
			);
			sourceTree = "<group>";
		};
		75CD717A2089CE9600CC66A6 /* Products */ = {
			isa = PBXGroup;
			children = (
				75CD71792089CE9600CC66A6 /* iOSProject.app */,
			);
			name = Products;
			sourceTree = "<group>";
		};
		75CD717B2089CE9600CC66A6 /* iOSProject */ = {
			isa = PBXGroup;
			children = (
				75849027209021B900E24D2E /* images */,
				758490262090219400E24D2E /* 引导页 */,
				75CD71932089DE1D00CC66A6 /* 架构 */,
				75CD717C2089CE9600CC66A6 /* AppDelegate.h */,
				75CD717D2089CE9600CC66A6 /* AppDelegate.m */,
				75D12C9920B4258800191B90 /* YLeCenterTabbar.h */,
				75D12C9A20B4258800191B90 /* YLeCenterTabbar.m */,
				75CD71A22089F03E00CC66A6 /* YLeBaseViewController.h */,
				75CD71A32089F03E00CC66A6 /* YLeBaseViewController.m */,
				75CD71A52089F10A00CC66A6 /* YLeBaseNavigationController.h */,
				75CD71A62089F10A00CC66A6 /* YLeBaseNavigationController.m */,
				75CD717F2089CE9600CC66A6 /* ViewController.h */,
				75CD71802089CE9600CC66A6 /* ViewController.m */,
				75CD71822089CE9600CC66A6 /* Main.storyboard */,
				75CD71852089CE9600CC66A6 /* Assets.xcassets */,
				75CD71872089CE9600CC66A6 /* LaunchScreen.storyboard */,
				75CD718A2089CE9600CC66A6 /* Info.plist */,
				75CD718B2089CE9600CC66A6 /* main.m */,
			);
			path = iOSProject;
			sourceTree = "<group>";
		};
		75CD71932089DE1D00CC66A6 /* 架构 */ = {
			isa = PBXGroup;
			children = (
				75CD71942089DE2900CC66A6 /* MVP */,
			);
			path = "架构";
			sourceTree = "<group>";
		};
		75CD71942089DE2900CC66A6 /* MVP */ = {
			isa = PBXGroup;
			children = (
				75CD71972089DEB100CC66A6 /* Presenter */,
				75CD71962089DEA800CC66A6 /* Model */,
				75CD71952089DE9E00CC66A6 /* ViewController */,
			);
			path = MVP;
			sourceTree = "<group>";
		};
		75CD71952089DE9E00CC66A6 /* ViewController */ = {
			isa = PBXGroup;
			children = (
				75CD71982089DFA100CC66A6 /* YLeMVPViewController.h */,
				75CD71992089DFA100CC66A6 /* YLeMVPViewController.m */,
			);
			path = ViewController;
			sourceTree = "<group>";
		};
		75CD71962089DEA800CC66A6 /* Model */ = {
			isa = PBXGroup;
			children = (
				75CD719B2089DFC300CC66A6 /* YLeMVPModel.h */,
				75CD719C2089DFC300CC66A6 /* YLeMVPModel.m */,
			);
			path = Model;
			sourceTree = "<group>";
		};
		75CD71972089DEB100CC66A6 /* Presenter */ = {
			isa = PBXGroup;
			children = (
				75CD719E2089DFDB00CC66A6 /* YLePresenter.h */,
				75CD719F2089DFDB00CC66A6 /* YLePresenter.m */,
				75CD71A12089E08E00CC66A6 /* YLeMVProtocol.h */,
			);
			path = Presenter;
			sourceTree = "<group>";
		};
/* End PBXGroup section */

/* Begin PBXNativeTarget section */
		75CD71782089CE9600CC66A6 /* iOSProject */ = {
			isa = PBXNativeTarget;
			buildConfigurationList = 75CD718F2089CE9600CC66A6 /* Build configuration list for PBXNativeTarget "iOSProject" */;
			buildPhases = (
				75CD71752089CE9600CC66A6 /* Sources */,
				75CD71762089CE9600CC66A6 /* Frameworks */,
				75CD71772089CE9600CC66A6 /* Resources */,
			);
			buildRules = (
			);
			dependencies = (
			);
			name = iOSProject;
			productName = iOSProject;
			productReference = 75CD71792089CE9600CC66A6 /* iOSProject.app */;
			productType = "com.apple.product-type.application";
		};
/* End PBXNativeTarget section */

/* Begin PBXProject section */
		75CD71712089CE9600CC66A6 /* Project object */ = {
			isa = PBXProject;
			attributes = {
				LastUpgradeCheck = 0900;
				ORGANIZATIONNAME = alexYang;
				TargetAttributes = {
					75CD71782089CE9600CC66A6 = {
						CreatedOnToolsVersion = 9.0;
						ProvisioningStyle = Automatic;
					};
				};
			};
			buildConfigurationList = 75CD71742089CE9600CC66A6 /* Build configuration list for PBXProject "iOSProject" */;
			compatibilityVersion = "Xcode 8.0";
			developmentRegion = en;
			hasScannedForEncodings = 0;
			knownRegions = (
				en,
				Base,
			);
			mainGroup = 75CD71702089CE9600CC66A6;
			productRefGroup = 75CD717A2089CE9600CC66A6 /* Products */;
			projectDirPath = "";
			projectRoot = "";
			targets = (
				75CD71782089CE9600CC66A6 /* iOSProject */,
			);
		};
/* End PBXProject section */

/* Begin PBXResourcesBuildPhase section */
		75CD71772089CE9600CC66A6 /* Resources */ = {
			isa = PBXResourcesBuildPhase;
			buildActionMask = 2147483647;
			files = (
				75D12C7F20B4215300191B90 /* club_n@2x.png in Resources */,
				75D12C8020B4215300191B90 /* club_n@3x.png in Resources */,
				75D12C8120B4215300191B90 /* club@2x.png in Resources */,
				75D12C8220B4215300191B90 /* club@3x.png in Resources */,
				75D12C8320B4215300191B90 /* Like@2x.png in Resources */,
				75D12C8420B4215300191B90 /* Like@3x.png in Resources */,
				75D12C8520B4215300191B90 /* Liked@2x.png in Resources */,
				75D12C8620B4215300191B90 /* Liked@3x.png in Resources */,
				75D12C8720B4215300191B90 /* live_n@2x.png in Resources */,
				75D12C8820B4215300191B90 /* live_n@3x.png in Resources */,
				75D12C8920B4215300191B90 /* live@2x.png in Resources */,
				75D12C8A20B4215300191B90 /* live@3x.png in Resources */,
				75D12C8B20B4215300191B90 /* me_n@2x.png in Resources */,
				75D12C8C20B4215300191B90 /* me_n@3x.png in Resources */,
				75D12C8D20B4215300191B90 /* me@2x.png in Resources */,
				75D12C8E20B4215300191B90 /* me@3x.png in Resources */,
				75D12C8F20B4215300191B90 /* video_n@2x.png in Resources */,
				75D12C9020B4215300191B90 /* video_n@3x.png in Resources */,
				75D12C9120B4215300191B90 /* video@2x.png in Resources */,
				75D12C9220B4215300191B90 /* video@3x.png in Resources */,
				75D12C9320B4215400191B90 /* home@2x.png in Resources */,
				75D12C9420B4215400191B90 /* home@3x.png in Resources */,
				75CD71892089CE9600CC66A6 /* LaunchScreen.storyboard in Resources */,
				75CD71862089CE9600CC66A6 /* Assets.xcassets in Resources */,
				75CD71842089CE9600CC66A6 /* Main.storyboard in Resources */,
			);
			runOnlyForDeploymentPostprocessing = 0;
		};
/* End PBXResourcesBuildPhase section */

/* Begin PBXSourcesBuildPhase section */
		75CD71752089CE9600CC66A6 /* Sources */ = {
			isa = PBXSourcesBuildPhase;
			buildActionMask = 2147483647;
			files = (
				75CD71812089CE9600CC66A6 /* ViewController.m in Sources */,
				75CD71A72089F10A00CC66A6 /* YLeBaseNavigationController.m in Sources */,
				75CD719A2089DFA100CC66A6 /* YLeMVPViewController.m in Sources */,
				75CD718C2089CE9600CC66A6 /* main.m in Sources */,
				75CD71A42089F03F00CC66A6 /* YLeBaseViewController.m in Sources */,
				75CD719D2089DFC300CC66A6 /* YLeMVPModel.m in Sources */,
				75CD717E2089CE9600CC66A6 /* AppDelegate.m in Sources */,
				75CD71A02089DFDB00CC66A6 /* YLePresenter.m in Sources */,
				75D12C9B20B4258800191B90 /* YLeCenterTabbar.m in Sources */,
			);
			runOnlyForDeploymentPostprocessing = 0;
		};
/* End PBXSourcesBuildPhase section */

/* Begin PBXVariantGroup section */
		75CD71822089CE9600CC66A6 /* Main.storyboard */ = {
			isa = PBXVariantGroup;
			children = (
				75CD71832089CE9600CC66A6 /* Base */,
			);
			name = Main.storyboard;
			sourceTree = "<group>";
		};
		75CD71872089CE9600CC66A6 /* LaunchScreen.storyboard */ = {
			isa = PBXVariantGroup;
			children = (
				75CD71882089CE9600CC66A6 /* Base */,
			);
			name = LaunchScreen.storyboard;
			sourceTree = "<group>";
		};
/* End PBXVariantGroup section */

/* Begin XCBuildConfiguration section */
		75CD718D2089CE9600CC66A6 /* Debug */ = {
			isa = XCBuildConfiguration;
			buildSettings = {
				ALWAYS_SEARCH_USER_PATHS = NO;
				CLANG_ANALYZER_NONNULL = YES;
				CLANG_ANALYZER_NUMBER_OBJECT_CONVERSION = YES_AGGRESSIVE;
				CLANG_CXX_LANGUAGE_STANDARD = "gnu++14";
				CLANG_CXX_LIBRARY = "libc++";
				CLANG_ENABLE_MODULES = YES;
				CLANG_ENABLE_OBJC_ARC = YES;
				CLANG_WARN_BLOCK_CAPTURE_AUTORELEASING = YES;
				CLANG_WARN_BOOL_CONVERSION = YES;
				CLANG_WARN_COMMA = YES;
				CLANG_WARN_CONSTANT_CONVERSION = YES;
				CLANG_WARN_DIRECT_OBJC_ISA_USAGE = YES_ERROR;
				CLANG_WARN_DOCUMENTATION_COMMENTS = YES;
				CLANG_WARN_EMPTY_BODY = YES;
				CLANG_WARN_ENUM_CONVERSION = YES;
				CLANG_WARN_INFINITE_RECURSION = YES;
				CLANG_WARN_INT_CONVERSION = YES;
				CLANG_WARN_NON_LITERAL_NULL_CONVERSION = YES;
				CLANG_WARN_OBJC_LITERAL_CONVERSION = YES;
				CLANG_WARN_OBJC_ROOT_CLASS = YES_ERROR;
				CLANG_WARN_RANGE_LOOP_ANALYSIS = YES;
				CLANG_WARN_STRICT_PROTOTYPES = YES;
				CLANG_WARN_SUSPICIOUS_MOVE = YES;
				CLANG_WARN_UNGUARDED_AVAILABILITY = YES_AGGRESSIVE;
				CLANG_WARN_UNREACHABLE_CODE = YES;
				CLANG_WARN__DUPLICATE_METHOD_MATCH = YES;
				CODE_SIGN_IDENTITY = "iPhone Developer";
				COPY_PHASE_STRIP = NO;
				DEBUG_INFORMATION_FORMAT = dwarf;
				ENABLE_STRICT_OBJC_MSGSEND = YES;
				ENABLE_TESTABILITY = YES;
				GCC_C_LANGUAGE_STANDARD = gnu11;
				GCC_DYNAMIC_NO_PIC = NO;
				GCC_NO_COMMON_BLOCKS = YES;
				GCC_OPTIMIZATION_LEVEL = 0;
				GCC_PREPROCESSOR_DEFINITIONS = (
					"DEBUG=1",
					"$(inherited)",
				);
				GCC_WARN_64_TO_32_BIT_CONVERSION = YES;
				GCC_WARN_ABOUT_RETURN_TYPE = YES_ERROR;
				GCC_WARN_UNDECLARED_SELECTOR = YES;
				GCC_WARN_UNINITIALIZED_AUTOS = YES_AGGRESSIVE;
				GCC_WARN_UNUSED_FUNCTION = YES;
				GCC_WARN_UNUSED_VARIABLE = YES;
				IPHONEOS_DEPLOYMENT_TARGET = 11.0;
				MTL_ENABLE_DEBUG_INFO = YES;
				ONLY_ACTIVE_ARCH = YES;
				SDKROOT = iphoneos;
			};
			name = Debug;
		};
		75CD718E2089CE9600CC66A6 /* Release */ = {
			isa = XCBuildConfiguration;
			buildSettings = {
				ALWAYS_SEARCH_USER_PATHS = NO;
				CLANG_ANALYZER_NONNULL = YES;
				CLANG_ANALYZER_NUMBER_OBJECT_CONVERSION = YES_AGGRESSIVE;
				CLANG_CXX_LANGUAGE_STANDARD = "gnu++14";
				CLANG_CXX_LIBRARY = "libc++";
				CLANG_ENABLE_MODULES = YES;
				CLANG_ENABLE_OBJC_ARC = YES;
				CLANG_WARN_BLOCK_CAPTURE_AUTORELEASING = YES;
				CLANG_WARN_BOOL_CONVERSION = YES;
				CLANG_WARN_COMMA = YES;
				CLANG_WARN_CONSTANT_CONVERSION = YES;
				CLANG_WARN_DIRECT_OBJC_ISA_USAGE = YES_ERROR;
				CLANG_WARN_DOCUMENTATION_COMMENTS = YES;
				CLANG_WARN_EMPTY_BODY = YES;
				CLANG_WARN_ENUM_CONVERSION = YES;
				CLANG_WARN_INFINITE_RECURSION = YES;
				CLANG_WARN_INT_CONVERSION = YES;
				CLANG_WARN_NON_LITERAL_NULL_CONVERSION = YES;
				CLANG_WARN_OBJC_LITERAL_CONVERSION = YES;
				CLANG_WARN_OBJC_ROOT_CLASS = YES_ERROR;
				CLANG_WARN_RANGE_LOOP_ANALYSIS = YES;
				CLANG_WARN_STRICT_PROTOTYPES = YES;
				CLANG_WARN_SUSPICIOUS_MOVE = YES;
				CLANG_WARN_UNGUARDED_AVAILABILITY = YES_AGGRESSIVE;
				CLANG_WARN_UNREACHABLE_CODE = YES;
				CLANG_WARN__DUPLICATE_METHOD_MATCH = YES;
				CODE_SIGN_IDENTITY = "iPhone Developer";
				COPY_PHASE_STRIP = NO;
				DEBUG_INFORMATION_FORMAT = "dwarf-with-dsym";
				ENABLE_NS_ASSERTIONS = NO;
				ENABLE_STRICT_OBJC_MSGSEND = YES;
				GCC_C_LANGUAGE_STANDARD = gnu11;
				GCC_NO_COMMON_BLOCKS = YES;
				GCC_WARN_64_TO_32_BIT_CONVERSION = YES;
				GCC_WARN_ABOUT_RETURN_TYPE = YES_ERROR;
				GCC_WARN_UNDECLARED_SELECTOR = YES;
				GCC_WARN_UNINITIALIZED_AUTOS = YES_AGGRESSIVE;
				GCC_WARN_UNUSED_FUNCTION = YES;
				GCC_WARN_UNUSED_VARIABLE = YES;
				IPHONEOS_DEPLOYMENT_TARGET = 11.0;
				MTL_ENABLE_DEBUG_INFO = NO;
				SDKROOT = iphoneos;
				VALIDATE_PRODUCT = YES;
			};
			name = Release;
		};
		75CD71902089CE9600CC66A6 /* Debug */ = {
			isa = XCBuildConfiguration;
			buildSettings = {
				ASSETCATALOG_COMPILER_APPICON_NAME = AppIcon;
				CODE_SIGN_STYLE = Automatic;
				DEVELOPMENT_TEAM = DZ5K5QYP9G;
				INFOPLIST_FILE = iOSProject/Info.plist;
				LD_RUNPATH_SEARCH_PATHS = "$(inherited) @executable_path/Frameworks";
				PRODUCT_BUNDLE_IDENTIFIER = com.gumptech.iOSProject;
				PRODUCT_NAME = "$(TARGET_NAME)";
				TARGETED_DEVICE_FAMILY = "1,2";
			};
			name = Debug;
		};
		75CD71912089CE9600CC66A6 /* Release */ = {
			isa = XCBuildConfiguration;
			buildSettings = {
				ASSETCATALOG_COMPILER_APPICON_NAME = AppIcon;
				CODE_SIGN_STYLE = Automatic;
				DEVELOPMENT_TEAM = DZ5K5QYP9G;
				INFOPLIST_FILE = iOSProject/Info.plist;
				LD_RUNPATH_SEARCH_PATHS = "$(inherited) @executable_path/Frameworks";
				PRODUCT_BUNDLE_IDENTIFIER = com.gumptech.iOSProject;
				PRODUCT_NAME = "$(TARGET_NAME)";
				TARGETED_DEVICE_FAMILY = "1,2";
			};
			name = Release;
		};
/* End XCBuildConfiguration section */

/* Begin XCConfigurationList section */
		75CD71742089CE9600CC66A6 /* Build configuration list for PBXProject "iOSProject" */ = {
			isa = XCConfigurationList;
			buildConfigurations = (
				75CD718D2089CE9600CC66A6 /* Debug */,
				75CD718E2089CE9600CC66A6 /* Release */,
			);
			defaultConfigurationIsVisible = 0;
			defaultConfigurationName = Release;
		};
		75CD718F2089CE9600CC66A6 /* Build configuration list for PBXNativeTarget "iOSProject" */ = {
			isa = XCConfigurationList;
			buildConfigurations = (
				75CD71902089CE9600CC66A6 /* Debug */,
				75CD71912089CE9600CC66A6 /* Release */,
			);
			defaultConfigurationIsVisible = 0;
			defaultConfigurationName = Release;
		};
/* End XCConfigurationList section */
	};
	rootObject = 75CD71712089CE9600CC66A6 /* Project object */;
}
